
Microsoft Visual Studio Solution File, Format Version 12.00
# Visual Studio 2013
VisualStudioVersion = 12.0.21005.1
MinimumVisualStudioVersion = 10.0.40219.1
Project("{FAE04EC0-301F-11D3-BF4B-00C04F79EFBC}") = "ClassModeration", "ClassModeration\ClassModeration.csproj", "{7D944267-846E-4BDF-A5EB-2D8E0AE10F24}"
EndProject
Project("{FAE04EC0-301F-11D3-BF4B-00C04F79EFBC}") = "Converting Date", "Converting Date\Converting Date.csproj", "{3DF1BBBF-0203-4536-8DC6-A9E56B5B4DFD}"
EndProject
Global
	GlobalSection(SolutionConfigurationPlatforms) = preSolution
		Debug|Any CPU = Debug|Any CPU
		Release|Any CPU = Release|Any CPU
	EndGlobalSection
	GlobalSection(ProjectConfigurationPlatforms) = postSolution
		{7D944267-846E-4BDF-A5EB-2D8E0AE10F24}.Debug|Any CPU.ActiveCfg = Debug|Any CPU
		{7D944267-846E-4BDF-A5EB-2D8E0AE10F24}.Debug|Any CPU.Build.0 = Debug|Any CPU
		{7D944267-846E-4BDF-A5EB-2D8E0AE10F24}.Release|Any CPU.ActiveCfg = Release|Any CPU
		{7D944267-846E-4BDF-A5EB-2D8E0AE10F24}.Release|Any CPU.Build.0 = Release|Any CPU
		{3DF1BBBF-0203-4536-8DC6-A9E56B5B4DFD}.Debug|Any CPU.ActiveCfg = Debug|Any CPU
		{3DF1BBBF-0203-4536-8DC6-A9E56B5B4DFD}.Debug|Any CPU.Build.0 = Debug|Any CPU
		{3DF1BBBF-0203-4536-8DC6-A9E56B5B4DFD}.Release|Any CPU.ActiveCfg = Release|Any CPU
		{3DF1BBBF-0203-4536-8DC6-A9E56B5B4DFD}.Release|Any CPU.Build.0 = Release|Any CPU
	EndGlobalSection
	GlobalSection(SolutionProperties) = preSolution
		HideSolutionNode = FALSE
	EndGlobalSection
EndGlobal
